<Solution>
  <Folder Name="/Solution Items/">
    <File Path=".editorconfig" />
  </Folder>
  <Project Path="OrderManagementSystemAPI.Tests/OrderManagementSystemAPI.Tests.csproj" Id="2a45429d-04a3-4698-a8d4-7116c416dad0" />
  <Project Path="OrderManagementSystemAPI/OrderManagementSystemAPI.csproj" />
</Solution>
